
Microsoft Visual Studio Solution File, Format Version 11.00
# Visual Studio 2010
Project("{F184B08F-C81C-45F6-A57F-5ABD9991F28F}") = "Aplikasi Perpustakaan Client Server", "Aplikasi Perpustakaan Client Server\Aplikasi Perpustakaan Client Server.vbproj", "{2A0A16B4-F0F1-4B69-A63C-2EFA61BE414A}"
EndProject
Global
	GlobalSection(SolutionConfigurationPlatforms) = preSolution
		Debug|x86 = Debug|x86
		Release|x86 = Release|x86
	EndGlobalSection
	GlobalSection(ProjectConfigurationPlatforms) = postSolution
		{2A0A16B4-F0F1-4B69-A63C-2EFA61BE414A}.Debug|x86.ActiveCfg = Debug|x86
		{2A0A16B4-F0F1-4B69-A63C-2EFA61BE414A}.Debug|x86.Build.0 = Debug|x86
		{2A0A16B4-F0F1-4B69-A63C-2EFA61BE414A}.Release|x86.ActiveCfg = Release|x86
		{2A0A16B4-F0F1-4B69-A63C-2EFA61BE414A}.Release|x86.Build.0 = Release|x86
	EndGlobalSection
	GlobalSection(SolutionProperties) = preSolution
		HideSolutionNode = FALSE
	EndGlobalSection
EndGlobal
